
Microsoft Visual Studio Solution File, Format Version 12.00
# Visual Studio 15
VisualStudioVersion = 15.0.26403.7
MinimumVisualStudioVersion = 10.0.40219.1
Project("{FAE04EC0-301F-11D3-BF4B-00C04F79EFBC}") = "XWS_Svc", "XWS_Svc\XWS_Svc.csproj", "{2DFF45BA-FA87-4568-891D-C9B06D242BEA}"
EndProject
Project("{FAE04EC0-301F-11D3-BF4B-00C04F79EFBC}") = "FirmaService", "FirmaService\FirmaService.csproj", "{3EADC036-6631-41F8-A10E-E2CC6707E971}"
EndProject
Project("{FAE04EC0-301F-11D3-BF4B-00C04F79EFBC}") = "FirmaClient", "ConsoleClient\FirmaClient.csproj", "{F1FBB827-DF13-4309-83A7-0EB27514DD57}"
EndProject
Project("{FAE04EC0-301F-11D3-BF4B-00C04F79EFBC}") = "ServerStartup", "ServerStartup\ServerStartup.csproj", "{87B9FDE1-8E90-4EC0-AFFD-1640FB799BA6}"
EndProject
Project("{FAE04EC0-301F-11D3-BF4B-00C04F79EFBC}") = "BankClient", "BankClient\BankClient.csproj", "{44EAEE1F-1643-4546-AD00-CBF92C4BA0DA}"
EndProject
Project("{FAE04EC0-301F-11D3-BF4B-00C04F79EFBC}") = "BankaService", "BankaService\BankaService.csproj", "{F4CCE17B-609A-4A8E-9235-76C31AA2F099}"
EndProject
Project("{FAE04EC0-301F-11D3-BF4B-00C04F79EFBC}") = "CentralnaBankaService", "CentralnaBankaService\CentralnaBankaService.csproj", "{DE04B8AC-6C00-4CB3-A548-F830803D8F27}"
EndProject
Global
	GlobalSection(SolutionConfigurationPlatforms) = preSolution
		Debug|Any CPU = Debug|Any CPU
		Release|Any CPU = Release|Any CPU
	EndGlobalSection
	GlobalSection(ProjectConfigurationPlatforms) = postSolution
		{2DFF45BA-FA87-4568-891D-C9B06D242BEA}.Debug|Any CPU.ActiveCfg = Debug|Any CPU
		{2DFF45BA-FA87-4568-891D-C9B06D242BEA}.Debug|Any CPU.Build.0 = Debug|Any CPU
		{2DFF45BA-FA87-4568-891D-C9B06D242BEA}.Release|Any CPU.ActiveCfg = Release|Any CPU
		{2DFF45BA-FA87-4568-891D-C9B06D242BEA}.Release|Any CPU.Build.0 = Release|Any CPU
		{3EADC036-6631-41F8-A10E-E2CC6707E971}.Debug|Any CPU.ActiveCfg = Debug|Any CPU
		{3EADC036-6631-41F8-A10E-E2CC6707E971}.Debug|Any CPU.Build.0 = Debug|Any CPU
		{3EADC036-6631-41F8-A10E-E2CC6707E971}.Release|Any CPU.ActiveCfg = Release|Any CPU
		{3EADC036-6631-41F8-A10E-E2CC6707E971}.Release|Any CPU.Build.0 = Release|Any CPU
		{F1FBB827-DF13-4309-83A7-0EB27514DD57}.Debug|Any CPU.ActiveCfg = Debug|Any CPU
		{F1FBB827-DF13-4309-83A7-0EB27514DD57}.Debug|Any CPU.Build.0 = Debug|Any CPU
		{F1FBB827-DF13-4309-83A7-0EB27514DD57}.Release|Any CPU.ActiveCfg = Release|Any CPU
		{F1FBB827-DF13-4309-83A7-0EB27514DD57}.Release|Any CPU.Build.0 = Release|Any CPU
		{87B9FDE1-8E90-4EC0-AFFD-1640FB799BA6}.Debug|Any CPU.ActiveCfg = Debug|Any CPU
		{87B9FDE1-8E90-4EC0-AFFD-1640FB799BA6}.Debug|Any CPU.Build.0 = Debug|Any CPU
		{87B9FDE1-8E90-4EC0-AFFD-1640FB799BA6}.Release|Any CPU.ActiveCfg = Release|Any CPU
		{87B9FDE1-8E90-4EC0-AFFD-1640FB799BA6}.Release|Any CPU.Build.0 = Release|Any CPU
		{44EAEE1F-1643-4546-AD00-CBF92C4BA0DA}.Debug|Any CPU.ActiveCfg = Debug|Any CPU
		{44EAEE1F-1643-4546-AD00-CBF92C4BA0DA}.Debug|Any CPU.Build.0 = Debug|Any CPU
		{44EAEE1F-1643-4546-AD00-CBF92C4BA0DA}.Release|Any CPU.ActiveCfg = Release|Any CPU
		{44EAEE1F-1643-4546-AD00-CBF92C4BA0DA}.Release|Any CPU.Build.0 = Release|Any CPU
		{F4CCE17B-609A-4A8E-9235-76C31AA2F099}.Debug|Any CPU.ActiveCfg = Debug|Any CPU
		{F4CCE17B-609A-4A8E-9235-76C31AA2F099}.Debug|Any CPU.Build.0 = Debug|Any CPU
		{F4CCE17B-609A-4A8E-9235-76C31AA2F099}.Release|Any CPU.ActiveCfg = Release|Any CPU
		{F4CCE17B-609A-4A8E-9235-76C31AA2F099}.Release|Any CPU.Build.0 = Release|Any CPU
		{DE04B8AC-6C00-4CB3-A548-F830803D8F27}.Debug|Any CPU.ActiveCfg = Debug|Any CPU
		{DE04B8AC-6C00-4CB3-A548-F830803D8F27}.Debug|Any CPU.Build.0 = Debug|Any CPU
		{DE04B8AC-6C00-4CB3-A548-F830803D8F27}.Release|Any CPU.ActiveCfg = Release|Any CPU
		{DE04B8AC-6C00-4CB3-A548-F830803D8F27}.Release|Any CPU.Build.0 = Release|Any CPU
	EndGlobalSection
	GlobalSection(SolutionProperties) = preSolution
		HideSolutionNode = FALSE
	EndGlobalSection
EndGlobal
